<?xml version="1.0" encoding="utf-8"?>
<Project ToolsVersion="4.0" xmlns="http://schemas.microsoft.com/developer/msbuild/2003">
  <ItemGroup>
    <Filter Include="Source Files">
      <UniqueIdentifier>{4FC737F1-C7A5-4376-A066-2A32D752A2FF}</UniqueIdentifier>
      <Extensions>cpp;c;cc;cxx;c++;cppm;ixx;def;odl;idl;hpj;bat;asm;asmx</Extensions>
    </Filter>
    <Filter Include="Header Files">
      <UniqueIdentifier>{93995380-89BD-4b04-88EB-625FBE52EBFB}</UniqueIdentifier>
      <Extensions>h;hh;hpp;hxx;h++;hm;inl;inc;ipp;xsd</Extensions>
    </Filter>
    <Filter Include="Resource Files">
      <UniqueIdentifier>{67DA6AB6-F800-4c08-8B7A-83BB121AAD01}</UniqueIdentifier>
      <Extensions>rc;ico;cur;bmp;dlg;rc2;rct;bin;rgs;gif;jpg;jpeg;jpe;resx;tiff;tif;png;wav;mfcribbon-ms</Extensions>
    </Filter>
    <Filter Include="Ref">
      <UniqueIdentifier>{361b74bb-d4bc-4f16-a847-fd8eaf3250ae}</UniqueIdentifier>
    </Filter>
    <Filter Include="Ref\Pieces">
      <UniqueIdentifier>{f3523014-ae9a-493a-a1bb-b27d3462ae4a}</UniqueIdentifier>
    </Filter>
  </ItemGroup>
  <ItemGroup>
    <ClCompile Include="GetBestMoveTest.cpp">
      <Filter>Source Files</Filter>
    </ClCompile>
    <ClCompile Include="..\chess_engine\Classes\zobrist.cpp">
      <Filter>Ref</Filter>
    </ClCompile>
    <ClCompile Include="..\chess_engine\Classes\ai.cpp">
      <Filter>Ref</Filter>
    </ClCompile>
    <ClCompile Include="..\chess_engine\Classes\board.cpp">
      <Filter>Ref</Filter>
    </ClCompile>
    <ClCompile Include="..\chess_engine\Classes\EvalPoint.cpp">
      <Filter>Ref</Filter>
    </ClCompile>
    <ClCompile Include="..\chess_engine\Classes\move.cpp">
      <Filter>Ref</Filter>
    </ClCompile>
    <ClCompile Include="..\chess_engine\Classes\piece.cpp">
      <Filter>Ref</Filter>
    </ClCompile>
    <ClCompile Include="..\chess_engine\Classes\point.cpp">
      <Filter>Ref</Filter>
    </ClCompile>
    <ClCompile Include="..\chess_engine\Classes\utilities.cpp">
      <Filter>Ref</Filter>
    </ClCompile>
    <ClCompile Include="..\chess_engine\Classes\Pieces\bishop.cpp">
      <Filter>Ref\Pieces</Filter>
    </ClCompile>
    <ClCompile Include="..\chess_engine\Classes\Pieces\king.cpp">
      <Filter>Ref\Pieces</Filter>
    </ClCompile>
    <ClCompile Include="..\chess_engine\Classes\Pieces\knight.cpp">
      <Filter>Ref\Pieces</Filter>
    </ClCompile>
    <ClCompile Include="..\chess_engine\Classes\Pieces\pawn.cpp">
      <Filter>Ref\Pieces</Filter>
    </ClCompile>
    <ClCompile Include="..\chess_engine\Classes\Pieces\queen.cpp">
      <Filter>Ref\Pieces</Filter>
    </ClCompile>
    <ClCompile Include="..\chess_engine\Classes\Pieces\rook.cpp">
      <Filter>Ref\Pieces</Filter>
    </ClCompile>
  </ItemGroup>
</Project>