<?xml version="1.0" encoding="utf-8"?>
<Project ToolsVersion="4.0" xmlns="http://schemas.microsoft.com/developer/msbuild/2003">
  <ItemGroup>
    <Filter Include="Source Files">
      <UniqueIdentifier>{4FC737F1-C7A5-4376-A066-2A32D752A2FF}</UniqueIdentifier>
      <Extensions>cpp;c;cc;cxx;c++;cppm;ixx;def;odl;idl;hpj;bat;asm;asmx</Extensions>
    </Filter>
    <Filter Include="Header Files">
      <UniqueIdentifier>{93995380-89BD-4b04-88EB-625FBE52EBFB}</UniqueIdentifier>
      <Extensions>h;hh;hpp;hxx;h++;hm;inl;inc;ipp;xsd</Extensions>
    </Filter>
    <Filter Include="Resource Files">
      <UniqueIdentifier>{67DA6AB6-F800-4c08-8B7A-83BB121AAD01}</UniqueIdentifier>
      <Extensions>rc;ico;cur;bmp;dlg;rc2;rct;bin;rgs;gif;jpg;jpeg;jpe;resx;tiff;tif;png;wav;mfcribbon-ms</Extensions>
    </Filter>
    <Filter Include="Header Files\Pieces">
      <UniqueIdentifier>{d436f89a-1a37-4742-9d56-adc599821510}</UniqueIdentifier>
    </Filter>
    <Filter Include="Source Files\Pieces">
      <UniqueIdentifier>{7040567a-a856-4485-933f-f9cae27ff35f}</UniqueIdentifier>
    </Filter>
  </ItemGroup>
  <ItemGroup>
    <ClCompile Include="chess_engine_test.cpp">
      <Filter>Source Files</Filter>
    </ClCompile>
    <ClCompile Include="pch.cpp">
      <Filter>Source Files</Filter>
    </ClCompile>
    <ClCompile Include="..\chess_engine\Classes\ai.cpp">
      <Filter>Source Files</Filter>
    </ClCompile>
    <ClCompile Include="..\chess_engine\Classes\board.cpp">
      <Filter>Source Files</Filter>
    </ClCompile>
    <ClCompile Include="..\chess_engine\Classes\generic_helper_functions.cpp">
      <Filter>Source Files</Filter>
    </ClCompile>
    <ClCompile Include="..\chess_engine\Classes\move.cpp">
      <Filter>Source Files</Filter>
    </ClCompile>
    <ClCompile Include="..\chess_engine\Classes\piece.cpp">
      <Filter>Source Files</Filter>
    </ClCompile>
    <ClCompile Include="..\chess_engine\Classes\point.cpp">
      <Filter>Source Files</Filter>
    </ClCompile>
    <ClCompile Include="..\chess_engine\Classes\zobrist.cpp">
      <Filter>Source Files</Filter>
    </ClCompile>
    <ClCompile Include="..\chess_engine\Classes\Pieces\bishop.cpp">
      <Filter>Source Files\Pieces</Filter>
    </ClCompile>
    <ClCompile Include="..\chess_engine\Classes\Pieces\king.cpp">
      <Filter>Source Files\Pieces</Filter>
    </ClCompile>
    <ClCompile Include="..\chess_engine\Classes\Pieces\knight.cpp">
      <Filter>Source Files\Pieces</Filter>
    </ClCompile>
    <ClCompile Include="..\chess_engine\Classes\Pieces\pawn.cpp">
      <Filter>Source Files\Pieces</Filter>
    </ClCompile>
    <ClCompile Include="..\chess_engine\Classes\Pieces\queen.cpp">
      <Filter>Source Files\Pieces</Filter>
    </ClCompile>
    <ClCompile Include="..\chess_engine\Classes\Pieces\rook.cpp">
      <Filter>Source Files\Pieces</Filter>
    </ClCompile>
  </ItemGroup>
  <ItemGroup>
    <ClInclude Include="pch.h">
      <Filter>Header Files</Filter>
    </ClInclude>
    <ClInclude Include="..\chess_engine\Classes\Headers\ai.h">
      <Filter>Header Files</Filter>
    </ClInclude>
    <ClInclude Include="..\chess_engine\Classes\Headers\board.h">
      <Filter>Header Files</Filter>
    </ClInclude>
    <ClInclude Include="..\chess_engine\Classes\Headers\constants.h">
      <Filter>Header Files</Filter>
    </ClInclude>
    <ClInclude Include="..\chess_engine\Classes\Headers\generic_helper_functions.h">
      <Filter>Header Files</Filter>
    </ClInclude>
    <ClInclude Include="..\chess_engine\Classes\Headers\move.h">
      <Filter>Header Files</Filter>
    </ClInclude>
    <ClInclude Include="..\chess_engine\Classes\Headers\piece.h">
      <Filter>Header Files</Filter>
    </ClInclude>
    <ClInclude Include="..\chess_engine\Classes\Headers\point.h">
      <Filter>Header Files</Filter>
    </ClInclude>
    <ClInclude Include="..\chess_engine\Classes\Headers\zobrist.h">
      <Filter>Header Files</Filter>
    </ClInclude>
    <ClInclude Include="..\chess_engine\Classes\Pieces\Headers\bishop.h">
      <Filter>Header Files\Pieces</Filter>
    </ClInclude>
    <ClInclude Include="..\chess_engine\Classes\Pieces\Headers\king.h">
      <Filter>Header Files\Pieces</Filter>
    </ClInclude>
    <ClInclude Include="..\chess_engine\Classes\Pieces\Headers\knight.h">
      <Filter>Header Files\Pieces</Filter>
    </ClInclude>
    <ClInclude Include="..\chess_engine\Classes\Pieces\Headers\pawn.h">
      <Filter>Header Files\Pieces</Filter>
    </ClInclude>
    <ClInclude Include="..\chess_engine\Classes\Pieces\Headers\queen.h">
      <Filter>Header Files\Pieces</Filter>
    </ClInclude>
    <ClInclude Include="..\chess_engine\Classes\Pieces\Headers\rook.h">
      <Filter>Header Files\Pieces</Filter>
    </ClInclude>
  </ItemGroup>
</Project>