
Microsoft Visual Studio Solution File, Format Version 12.00
# Visual Studio Version 16
VisualStudioVersion = 16.0.31313.79
MinimumVisualStudioVersion = 10.0.40219.1
Project("{9092AA53-FB77-4645-B42D-1CCCA6BD08BD}") = "chess_server", "chess_server.njsproj", "{BBFB9A6F-1CBB-486B-BF58-1618281C9397}"
EndProject
Global
	GlobalSection(SolutionConfigurationPlatforms) = preSolution
		Debug|Any CPU = Debug|Any CPU
		Release|Any CPU = Release|Any CPU
	EndGlobalSection
	GlobalSection(ProjectConfigurationPlatforms) = postSolution
		{BBFB9A6F-1CBB-486B-BF58-1618281C9397}.Debug|Any CPU.ActiveCfg = Debug|Any CPU
		{BBFB9A6F-1CBB-486B-BF58-1618281C9397}.Debug|Any CPU.Build.0 = Debug|Any CPU
		{BBFB9A6F-1CBB-486B-BF58-1618281C9397}.Release|Any CPU.ActiveCfg = Release|Any CPU
		{BBFB9A6F-1CBB-486B-BF58-1618281C9397}.Release|Any CPU.Build.0 = Release|Any CPU
	EndGlobalSection
	GlobalSection(SolutionProperties) = preSolution
		HideSolutionNode = FALSE
	EndGlobalSection
	GlobalSection(ExtensibilityGlobals) = postSolution
		SolutionGuid = {C5670968-CFF7-47B1-8DBB-88F6A74F303F}
	EndGlobalSection
EndGlobal
