
Microsoft Visual Studio Solution File, Format Version 12.00
# Visual Studio Version 16
VisualStudioVersion = 16.0.30517.126
MinimumVisualStudioVersion = 10.0.40219.1
Project("{8BC9CEB8-8B4A-11D0-8D11-00A0C91BC942}") = "chess_engine", "chess_engine.vcxproj", "{8B5E040F-694C-40DC-9021-4C5A39098A89}"
EndProject
Project("{8BC9CEB8-8B4A-11D0-8D11-00A0C91BC942}") = "profiler", "profiler\profiler.vcxproj", "{79A854D1-6017-47BF-BA52-59563F42C5E0}"
EndProject
Project("{8BC9CEB8-8B4A-11D0-8D11-00A0C91BC942}") = "pgn_hasher", "pgn_hasher\pgn_hasher.vcxproj", "{53D7CD29-5181-4F15-A4F9-D0C13982D441}"
EndProject
Global
	GlobalSection(SolutionConfigurationPlatforms) = preSolution
		Debug|ARM = Debug|ARM
		Debug|ARM64 = Debug|ARM64
		Debug|x64 = Debug|x64
		Debug|x86 = Debug|x86
		Release|ARM = Release|ARM
		Release|ARM64 = Release|ARM64
		Release|x64 = Release|x64
		Release|x86 = Release|x86
	EndGlobalSection
	GlobalSection(ProjectConfigurationPlatforms) = postSolution
		{8B5E040F-694C-40DC-9021-4C5A39098A89}.Debug|ARM.ActiveCfg = Debug|ARM
		{8B5E040F-694C-40DC-9021-4C5A39098A89}.Debug|ARM.Build.0 = Debug|ARM
		{8B5E040F-694C-40DC-9021-4C5A39098A89}.Debug|ARM.Deploy.0 = Debug|ARM
		{8B5E040F-694C-40DC-9021-4C5A39098A89}.Debug|ARM64.ActiveCfg = Debug|ARM64
		{8B5E040F-694C-40DC-9021-4C5A39098A89}.Debug|ARM64.Build.0 = Debug|ARM64
		{8B5E040F-694C-40DC-9021-4C5A39098A89}.Debug|ARM64.Deploy.0 = Debug|ARM64
		{8B5E040F-694C-40DC-9021-4C5A39098A89}.Debug|x64.ActiveCfg = Debug|x64
		{8B5E040F-694C-40DC-9021-4C5A39098A89}.Debug|x64.Build.0 = Debug|x64
		{8B5E040F-694C-40DC-9021-4C5A39098A89}.Debug|x64.Deploy.0 = Debug|x64
		{8B5E040F-694C-40DC-9021-4C5A39098A89}.Debug|x86.ActiveCfg = Debug|x86
		{8B5E040F-694C-40DC-9021-4C5A39098A89}.Debug|x86.Build.0 = Debug|x86
		{8B5E040F-694C-40DC-9021-4C5A39098A89}.Debug|x86.Deploy.0 = Debug|x86
		{8B5E040F-694C-40DC-9021-4C5A39098A89}.Release|ARM.ActiveCfg = Release|ARM
		{8B5E040F-694C-40DC-9021-4C5A39098A89}.Release|ARM.Build.0 = Release|ARM
		{8B5E040F-694C-40DC-9021-4C5A39098A89}.Release|ARM.Deploy.0 = Release|ARM
		{8B5E040F-694C-40DC-9021-4C5A39098A89}.Release|ARM64.ActiveCfg = Release|ARM64
		{8B5E040F-694C-40DC-9021-4C5A39098A89}.Release|ARM64.Build.0 = Release|ARM64
		{8B5E040F-694C-40DC-9021-4C5A39098A89}.Release|ARM64.Deploy.0 = Release|ARM64
		{8B5E040F-694C-40DC-9021-4C5A39098A89}.Release|x64.ActiveCfg = Release|x64
		{8B5E040F-694C-40DC-9021-4C5A39098A89}.Release|x64.Build.0 = Release|x64
		{8B5E040F-694C-40DC-9021-4C5A39098A89}.Release|x64.Deploy.0 = Release|x64
		{8B5E040F-694C-40DC-9021-4C5A39098A89}.Release|x86.ActiveCfg = Release|x86
		{8B5E040F-694C-40DC-9021-4C5A39098A89}.Release|x86.Build.0 = Release|x86
		{8B5E040F-694C-40DC-9021-4C5A39098A89}.Release|x86.Deploy.0 = Release|x86
		{79A854D1-6017-47BF-BA52-59563F42C5E0}.Debug|ARM.ActiveCfg = Debug|Win32
		{79A854D1-6017-47BF-BA52-59563F42C5E0}.Debug|ARM64.ActiveCfg = Debug|Win32
		{79A854D1-6017-47BF-BA52-59563F42C5E0}.Debug|x64.ActiveCfg = Debug|x64
		{79A854D1-6017-47BF-BA52-59563F42C5E0}.Debug|x64.Build.0 = Debug|x64
		{79A854D1-6017-47BF-BA52-59563F42C5E0}.Debug|x86.ActiveCfg = Debug|Win32
		{79A854D1-6017-47BF-BA52-59563F42C5E0}.Debug|x86.Build.0 = Debug|Win32
		{79A854D1-6017-47BF-BA52-59563F42C5E0}.Release|ARM.ActiveCfg = Release|Win32
		{79A854D1-6017-47BF-BA52-59563F42C5E0}.Release|ARM64.ActiveCfg = Release|Win32
		{79A854D1-6017-47BF-BA52-59563F42C5E0}.Release|x64.ActiveCfg = Release|x64
		{79A854D1-6017-47BF-BA52-59563F42C5E0}.Release|x64.Build.0 = Release|x64
		{79A854D1-6017-47BF-BA52-59563F42C5E0}.Release|x86.ActiveCfg = Release|Win32
		{79A854D1-6017-47BF-BA52-59563F42C5E0}.Release|x86.Build.0 = Release|Win32
		{53D7CD29-5181-4F15-A4F9-D0C13982D441}.Debug|ARM.ActiveCfg = Debug|Win32
		{53D7CD29-5181-4F15-A4F9-D0C13982D441}.Debug|ARM64.ActiveCfg = Debug|Win32
		{53D7CD29-5181-4F15-A4F9-D0C13982D441}.Debug|x64.ActiveCfg = Debug|x64
		{53D7CD29-5181-4F15-A4F9-D0C13982D441}.Debug|x64.Build.0 = Debug|x64
		{53D7CD29-5181-4F15-A4F9-D0C13982D441}.Debug|x86.ActiveCfg = Debug|Win32
		{53D7CD29-5181-4F15-A4F9-D0C13982D441}.Debug|x86.Build.0 = Debug|Win32
		{53D7CD29-5181-4F15-A4F9-D0C13982D441}.Release|ARM.ActiveCfg = Release|Win32
		{53D7CD29-5181-4F15-A4F9-D0C13982D441}.Release|ARM64.ActiveCfg = Release|Win32
		{53D7CD29-5181-4F15-A4F9-D0C13982D441}.Release|x64.ActiveCfg = Release|x64
		{53D7CD29-5181-4F15-A4F9-D0C13982D441}.Release|x64.Build.0 = Release|x64
		{53D7CD29-5181-4F15-A4F9-D0C13982D441}.Release|x86.ActiveCfg = Release|Win32
		{53D7CD29-5181-4F15-A4F9-D0C13982D441}.Release|x86.Build.0 = Release|Win32
	EndGlobalSection
	GlobalSection(SolutionProperties) = preSolution
		HideSolutionNode = FALSE
	EndGlobalSection
	GlobalSection(ExtensibilityGlobals) = postSolution
		SolutionGuid = {3CB2B589-D862-463F-9E56-F19065C5E864}
	EndGlobalSection
EndGlobal
