<?xml version="1.0" encoding="utf-8"?>
<Project ToolsVersion="4.0" xmlns="http://schemas.microsoft.com/developer/msbuild/2003">
  <ItemGroup>
    <ClCompile Include="chess_engine.cpp" />
    <ClCompile Include="Classes\ai.cpp">
      <Filter>Classes</Filter>
    </ClCompile>
    <ClCompile Include="Classes\board.cpp">
      <Filter>Classes</Filter>
    </ClCompile>
    <ClCompile Include="Classes\move.cpp">
      <Filter>Classes</Filter>
    </ClCompile>
    <ClCompile Include="Classes\piece.cpp">
      <Filter>Classes</Filter>
    </ClCompile>
    <ClCompile Include="Classes\point.cpp">
      <Filter>Classes</Filter>
    </ClCompile>
    <ClCompile Include="Classes\utilities.cpp">
      <Filter>Classes</Filter>
    </ClCompile>
    <ClCompile Include="Classes\zobrist.cpp">
      <Filter>Classes</Filter>
    </ClCompile>
    <ClCompile Include="Classes\Pieces\bishop.cpp">
      <Filter>Classes\Pieces</Filter>
    </ClCompile>
    <ClCompile Include="Classes\Pieces\king.cpp">
      <Filter>Classes\Pieces</Filter>
    </ClCompile>
    <ClCompile Include="Classes\Pieces\knight.cpp">
      <Filter>Classes\Pieces</Filter>
    </ClCompile>
    <ClCompile Include="Classes\Pieces\pawn.cpp">
      <Filter>Classes\Pieces</Filter>
    </ClCompile>
    <ClCompile Include="Classes\Pieces\queen.cpp">
      <Filter>Classes\Pieces</Filter>
    </ClCompile>
    <ClCompile Include="Classes\Pieces\rook.cpp">
      <Filter>Classes\Pieces</Filter>
    </ClCompile>
    <ClCompile Include="Classes\EvalPoint.cpp">
      <Filter>Classes</Filter>
    </ClCompile>
  </ItemGroup>
  <ItemGroup>
    <Filter Include="Classes">
      <UniqueIdentifier>{60cbe549-62d0-4cfa-9137-cfd8ad986498}</UniqueIdentifier>
    </Filter>
    <Filter Include="Classes\Headers">
      <UniqueIdentifier>{a31e16c8-2b96-4ad6-810a-634b150d0278}</UniqueIdentifier>
    </Filter>
    <Filter Include="Classes\Pieces">
      <UniqueIdentifier>{ec8e36d9-5aeb-4031-a56b-3567ca07b8a5}</UniqueIdentifier>
    </Filter>
    <Filter Include="Classes\Pieces\Headers">
      <UniqueIdentifier>{a71a7a36-799b-4725-b3c3-f2e2f5f020a4}</UniqueIdentifier>
    </Filter>
  </ItemGroup>
  <ItemGroup>
    <ClInclude Include="Classes\Headers\ai.h">
      <Filter>Classes\Headers</Filter>
    </ClInclude>
    <ClInclude Include="Classes\Headers\board.h">
      <Filter>Classes\Headers</Filter>
    </ClInclude>
    <ClInclude Include="Classes\Headers\constants.h">
      <Filter>Classes\Headers</Filter>
    </ClInclude>
    <ClInclude Include="Classes\Headers\engine.h">
      <Filter>Classes\Headers</Filter>
    </ClInclude>
    <ClInclude Include="Classes\Headers\move.h">
      <Filter>Classes\Headers</Filter>
    </ClInclude>
    <ClInclude Include="Classes\Headers\piece.h">
      <Filter>Classes\Headers</Filter>
    </ClInclude>
    <ClInclude Include="Classes\Headers\point.h">
      <Filter>Classes\Headers</Filter>
    </ClInclude>
    <ClInclude Include="Classes\Headers\utilities.h">
      <Filter>Classes\Headers</Filter>
    </ClInclude>
    <ClInclude Include="Classes\Headers\zobrist.h">
      <Filter>Classes\Headers</Filter>
    </ClInclude>
    <ClInclude Include="Classes\Pieces\Headers\bishop.h">
      <Filter>Classes\Pieces\Headers</Filter>
    </ClInclude>
    <ClInclude Include="Classes\Pieces\Headers\king.h">
      <Filter>Classes\Pieces\Headers</Filter>
    </ClInclude>
    <ClInclude Include="Classes\Pieces\Headers\knight.h">
      <Filter>Classes\Pieces\Headers</Filter>
    </ClInclude>
    <ClInclude Include="Classes\Pieces\Headers\pawn.h">
      <Filter>Classes\Pieces\Headers</Filter>
    </ClInclude>
    <ClInclude Include="Classes\Pieces\Headers\queen.h">
      <Filter>Classes\Pieces\Headers</Filter>
    </ClInclude>
    <ClInclude Include="Classes\Pieces\Headers\rook.h">
      <Filter>Classes\Pieces\Headers</Filter>
    </ClInclude>
    <ClInclude Include="Classes\Headers\EvalPoint.h">
      <Filter>Classes\Headers</Filter>
    </ClInclude>
  </ItemGroup>
</Project>